{
  "originHash" : "235de4c6a5a0f513ddbb1b14b243afe06f118dcbf147e933a64e8ba6c28f4199",
  "pins" : [
    {
      "identity" : "csqlite",
      "kind" : "remoteSourceControl",
      "location" : "https://github.com/stephencelis/CSQLite.git",
      "state" : {
        "revision" : "9106e983d5e3d5149ee35281ec089484b0def018",
        "version" : "0.0.3"
      }
    },
    {
      "identity" : "sqlite.swift",
      "kind" : "remoteSourceControl",
      "location" : "https://github.com/stephencelis/SQLite.swift.git",
      "state" : {
        "revision" : "a95fc6df17d108bd99210db5e8a9bac90fe984b8",
        "version" : "0.15.3"
      }
    }
  ],
  "version" : 3
}
